
Microsoft Visual Studio Solution File, Format Version 12.00
# Visual Studio 15
VisualStudioVersion = 15.0.27703.2018
MinimumVisualStudioVersion = 10.0.40219.1
Project("{9A19103F-16F7-4668-BE54-9A1E7A4F7556}") = "TeaApp", "BartoszNiezgodzkiApp\TeaApp.csproj", "{CFD5EBB9-A757-4862-AB3E-B9D645C73744}"
EndProject
Global
	GlobalSection(SolutionConfigurationPlatforms) = preSolution
		Debug|Any CPU = Debug|Any CPU
		Release|Any CPU = Release|Any CPU
	EndGlobalSection
	GlobalSection(ProjectConfigurationPlatforms) = postSolution
		{CFD5EBB9-A757-4862-AB3E-B9D645C73744}.Debug|Any CPU.ActiveCfg = Debug|Any CPU
		{CFD5EBB9-A757-4862-AB3E-B9D645C73744}.Debug|Any CPU.Build.0 = Debug|Any CPU
		{CFD5EBB9-A757-4862-AB3E-B9D645C73744}.Release|Any CPU.ActiveCfg = Release|Any CPU
		{CFD5EBB9-A757-4862-AB3E-B9D645C73744}.Release|Any CPU.Build.0 = Release|Any CPU
	EndGlobalSection
	GlobalSection(SolutionProperties) = preSolution
		HideSolutionNode = FALSE
	EndGlobalSection
	GlobalSection(ExtensibilityGlobals) = postSolution
		SolutionGuid = {2B09E56C-308C-4AAB-B734-1DD4ED8BCD19}
	EndGlobalSection
EndGlobal
